
Microsoft Visual Studio Solution File, Format Version 12.00
# Visual Studio Version 17
VisualStudioVersion = 17.9.34407.89
MinimumVisualStudioVersion = 10.0.40219.1
Project("{FAE04EC0-301F-11D3-BF4B-00C04F79EFBC}") = "RandomMp3Player", "RandomMp3Player.csproj", "{F354E8F7-F00E-460B-A858-2836E669026E}"
EndProject
Global
	GlobalSection(SolutionConfigurationPlatforms) = preSolution
		Debug|Any CPU = Debug|Any CPU
		Release|Any CPU = Release|Any CPU
	EndGlobalSection
	GlobalSection(ProjectConfigurationPlatforms) = postSolution
		{F354E8F7-F00E-460B-A858-2836E669026E}.Debug|Any CPU.ActiveCfg = Debug|Any CPU
		{F354E8F7-F00E-460B-A858-2836E669026E}.Debug|Any CPU.Build.0 = Debug|Any CPU
		{F354E8F7-F00E-460B-A858-2836E669026E}.Release|Any CPU.ActiveCfg = Release|Any CPU
		{F354E8F7-F00E-460B-A858-2836E669026E}.Release|Any CPU.Build.0 = Release|Any CPU
	EndGlobalSection
	GlobalSection(SolutionProperties) = preSolution
		HideSolutionNode = FALSE
	EndGlobalSection
	GlobalSection(ExtensibilityGlobals) = postSolution
		SolutionGuid = {6B20028F-8459-4AE2-806B-A1BCFC203A02}
	EndGlobalSection
EndGlobal
